
Microsoft Visual Studio Solution File, Format Version 12.00
# Visual Studio Version 17
VisualStudioVersion = 17.0.31903.59
MinimumVisualStudioVersion = 10.0.40219.1
Project("{FAE04EC0-301F-11D3-BF4B-00C04F79EFBC}") = "ApiCrudDocker", "ApiCrudDocker\ApiCrudDocker.csproj", "{63F84C5D-166D-4056-BE78-00B381C23BDA}"
EndProject
Project("{FAE04EC0-301F-11D3-BF4B-00C04F79EFBC}") = "ApiCrudDocker.Tests", "ApiCrudDocker.Tests\ApiCrudDocker.Tests.csproj", "{CC9705DF-B84F-4AE7-91FB-BB91276802F0}"
EndProject
Global
	GlobalSection(SolutionConfigurationPlatforms) = preSolution
		Debug|Any CPU = Debug|Any CPU
		Release|Any CPU = Release|Any CPU
	EndGlobalSection
	GlobalSection(SolutionProperties) = preSolution
		HideSolutionNode = FALSE
	EndGlobalSection
	GlobalSection(ProjectConfigurationPlatforms) = postSolution
		{63F84C5D-166D-4056-BE78-00B381C23BDA}.Debug|Any CPU.ActiveCfg = Debug|Any CPU
		{63F84C5D-166D-4056-BE78-00B381C23BDA}.Debug|Any CPU.Build.0 = Debug|Any CPU
		{63F84C5D-166D-4056-BE78-00B381C23BDA}.Release|Any CPU.ActiveCfg = Release|Any CPU
		{63F84C5D-166D-4056-BE78-00B381C23BDA}.Release|Any CPU.Build.0 = Release|Any CPU
		{CC9705DF-B84F-4AE7-91FB-BB91276802F0}.Debug|Any CPU.ActiveCfg = Debug|Any CPU
		{CC9705DF-B84F-4AE7-91FB-BB91276802F0}.Debug|Any CPU.Build.0 = Debug|Any CPU
		{CC9705DF-B84F-4AE7-91FB-BB91276802F0}.Release|Any CPU.ActiveCfg = Release|Any CPU
		{CC9705DF-B84F-4AE7-91FB-BB91276802F0}.Release|Any CPU.Build.0 = Release|Any CPU
	EndGlobalSection
EndGlobal
